// !$*UTF8*$!
{
	archiveVersion = 1;
	classes = {
	};
	objectVersion = 50;
	objects = {

/* Begin PBXBuildFile section */
		22ABB5F42640F7CE0008F5DE /* AppDelegate.swift in Sources */ = {isa = PBXBuildFile; fileRef = 22ABB5F32640F7CE0008F5DE /* AppDelegate.swift */; };
		22ABB5F62640F7CE0008F5DE /* SceneDelegate.swift in Sources */ = {isa = PBXBuildFile; fileRef = 22ABB5F52640F7CE0008F5DE /* SceneDelegate.swift */; };
		22ABB5F82640F7CE0008F5DE /* ContentView.swift in Sources */ = {isa = PBXBuildFile; fileRef = 22ABB5F72640F7CE0008F5DE /* ContentView.swift */; };
		22ABB5FA2640F7D00008F5DE /* Assets.xcassets in Resources */ = {isa = PBXBuildFile; fileRef = 22ABB5F92640F7D00008F5DE /* Assets.xcassets */; };
		22ABB5FD2640F7D00008F5DE /* Preview Assets.xcassets in Resources */ = {isa = PBXBuildFile; fileRef = 22ABB5FC2640F7D00008F5DE /* Preview Assets.xcassets */; };
		22ABB6002640F7D00008F5DE /* LaunchScreen.storyboard in Resources */ = {isa = PBXBuildFile; fileRef = 22ABB5FE2640F7D00008F5DE /* LaunchScreen.storyboard */; };
		22ABB60B2640F7D00008F5DE /* Lab15_BindingIntroTests.swift in Sources */ = {isa = PBXBuildFile; fileRef = 22ABB60A2640F7D00008F5DE /* Lab15_BindingIntroTests.swift */; };
		22ABB6162640F7D00008F5DE /* Lab15_BindingIntroUITests.swift in Sources */ = {isa = PBXBuildFile; fileRef = 22ABB6152640F7D00008F5DE /* Lab15_BindingIntroUITests.swift */; };
/* End PBXBuildFile section */

/* Begin PBXContainerItemProxy section */
		22ABB6072640F7D00008F5DE /* PBXContainerItemProxy */ = {
			isa = PBXContainerItemProxy;
			containerPortal = 22ABB5E82640F7CE0008F5DE /* Project object */;
			proxyType = 1;
			remoteGlobalIDString = 22ABB5EF2640F7CE0008F5DE;
			remoteInfo = "Lab15-BindingIntro";
		};
		22ABB6122640F7D00008F5DE /* PBXContainerItemProxy */ = {
			isa = PBXContainerItemProxy;
			containerPortal = 22ABB5E82640F7CE0008F5DE /* Project object */;
			proxyType = 1;
			remoteGlobalIDString = 22ABB5EF2640F7CE0008F5DE;
			remoteInfo = "Lab15-BindingIntro";
		};
/* End PBXContainerItemProxy section */

/* Begin PBXFileReference section */
		22ABB5F02640F7CE0008F5DE /* Lab15-BindingIntro.app */ = {isa = PBXFileReference; explicitFileType = wrapper.application; includeInIndex = 0; path = "Lab15-BindingIntro.app"; sourceTree = BUILT_PRODUCTS_DIR; };
		22ABB5F32640F7CE0008F5DE /* AppDelegate.swift */ = {isa = PBXFileReference; lastKnownFileType = sourcecode.swift; path = AppDelegate.swift; sourceTree = "<group>"; };
		22ABB5F52640F7CE0008F5DE /* SceneDelegate.swift */ = {isa = PBXFileReference; lastKnownFileType = sourcecode.swift; path = SceneDelegate.swift; sourceTree = "<group>"; };
		22ABB5F72640F7CE0008F5DE /* ContentView.swift */ = {isa = PBXFileReference; lastKnownFileType = sourcecode.swift; path = ContentView.swift; sourceTree = "<group>"; };
		22ABB5F92640F7D00008F5DE /* Assets.xcassets */ = {isa = PBXFileReference; lastKnownFileType = folder.assetcatalog; path = Assets.xcassets; sourceTree = "<group>"; };
		22ABB5FC2640F7D00008F5DE /* Preview Assets.xcassets */ = {isa = PBXFileReference; lastKnownFileType = folder.assetcatalog; path = "Preview Assets.xcassets"; sourceTree = "<group>"; };
		22ABB5FF2640F7D00008F5DE /* Base */ = {isa = PBXFileReference; lastKnownFileType = file.storyboard; name = Base; path = Base.lproj/LaunchScreen.storyboard; sourceTree = "<group>"; };
		22ABB6012640F7D00008F5DE /* Info.plist */ = {isa = PBXFileReference; lastKnownFileType = text.plist.xml; path = Info.plist; sourceTree = "<group>"; };
		22ABB6062640F7D00008F5DE /* Lab15-BindingIntroTests.xctest */ = {isa = PBXFileReference; explicitFileType = wrapper.cfbundle; includeInIndex = 0; path = "Lab15-BindingIntroTests.xctest"; sourceTree = BUILT_PRODUCTS_DIR; };
		22ABB60A2640F7D00008F5DE /* Lab15_BindingIntroTests.swift */ = {isa = PBXFileReference; lastKnownFileType = sourcecode.swift; path = Lab15_BindingIntroTests.swift; sourceTree = "<group>"; };
		22ABB60C2640F7D00008F5DE /* Info.plist */ = {isa = PBXFileReference; lastKnownFileType = text.plist.xml; path = Info.plist; sourceTree = "<group>"; };
		22ABB6112640F7D00008F5DE /* Lab15-BindingIntroUITests.xctest */ = {isa = PBXFileReference; explicitFileType = wrapper.cfbundle; includeInIndex = 0; path = "Lab15-BindingIntroUITests.xctest"; sourceTree = BUILT_PRODUCTS_DIR; };
		22ABB6152640F7D00008F5DE /* Lab15_BindingIntroUITests.swift */ = {isa = PBXFileReference; lastKnownFileType = sourcecode.swift; path = Lab15_BindingIntroUITests.swift; sourceTree = "<group>"; };
		22ABB6172640F7D00008F5DE /* Info.plist */ = {isa = PBXFileReference; lastKnownFileType = text.plist.xml; path = Info.plist; sourceTree = "<group>"; };
/* End PBXFileReference section */

/* Begin PBXFrameworksBuildPhase section */
		22ABB5ED2640F7CE0008F5DE /* Frameworks */ = {
			isa = PBXFrameworksBuildPhase;
			buildActionMask = 2147483647;
			files = (
			);
			runOnlyForDeploymentPostprocessing = 0;
		};
		22ABB6032640F7D00008F5DE /* Frameworks */ = {
			isa = PBXFrameworksBuildPhase;
			buildActionMask = 2147483647;
			files = (
			);
			runOnlyForDeploymentPostprocessing = 0;
		};
		22ABB60E2640F7D00008F5DE /* Frameworks */ = {
			isa = PBXFrameworksBuildPhase;
			buildActionMask = 2147483647;
			files = (
			);
			runOnlyForDeploymentPostprocessing = 0;
		};
/* End PBXFrameworksBuildPhase section */

/* Begin PBXGroup section */
		22ABB5E72640F7CE0008F5DE = {
			isa = PBXGroup;
			children = (
				22ABB5F22640F7CE0008F5DE /* Lab15-BindingIntro */,
				22ABB6092640F7D00008F5DE /* Lab15-BindingIntroTests */,
				22ABB6142640F7D00008F5DE /* Lab15-BindingIntroUITests */,
				22ABB5F12640F7CE0008F5DE /* Products */,
			);
			sourceTree = "<group>";
		};
		22ABB5F12640F7CE0008F5DE /* Products */ = {
			isa = PBXGroup;
			children = (
				22ABB5F02640F7CE0008F5DE /* Lab15-BindingIntro.app */,
				22ABB6062640F7D00008F5DE /* Lab15-BindingIntroTests.xctest */,
				22ABB6112640F7D00008F5DE /* Lab15-BindingIntroUITests.xctest */,
			);
			name = Products;
			sourceTree = "<group>";
		};
		22ABB5F22640F7CE0008F5DE /* Lab15-BindingIntro */ = {
			isa = PBXGroup;
			children = (
				22ABB5F32640F7CE0008F5DE /* AppDelegate.swift */,
				22ABB5F52640F7CE0008F5DE /* SceneDelegate.swift */,
				22ABB5F72640F7CE0008F5DE /* ContentView.swift */,
				22ABB5F92640F7D00008F5DE /* Assets.xcassets */,
				22ABB5FE2640F7D00008F5DE /* LaunchScreen.storyboard */,
				22ABB6012640F7D00008F5DE /* Info.plist */,
				22ABB5FB2640F7D00008F5DE /* Preview Content */,
			);
			path = "Lab15-BindingIntro";
			sourceTree = "<group>";
		};
		22ABB5FB2640F7D00008F5DE /* Preview Content */ = {
			isa = PBXGroup;
			children = (
				22ABB5FC2640F7D00008F5DE /* Preview Assets.xcassets */,
			);
			path = "Preview Content";
			sourceTree = "<group>";
		};
		22ABB6092640F7D00008F5DE /* Lab15-BindingIntroTests */ = {
			isa = PBXGroup;
			children = (
				22ABB60A2640F7D00008F5DE /* Lab15_BindingIntroTests.swift */,
				22ABB60C2640F7D00008F5DE /* Info.plist */,
			);
			path = "Lab15-BindingIntroTests";
			sourceTree = "<group>";
		};
		22ABB6142640F7D00008F5DE /* Lab15-BindingIntroUITests */ = {
			isa = PBXGroup;
			children = (
				22ABB6152640F7D00008F5DE /* Lab15_BindingIntroUITests.swift */,
				22ABB6172640F7D00008F5DE /* Info.plist */,
			);
			path = "Lab15-BindingIntroUITests";
			sourceTree = "<group>";
		};
/* End PBXGroup section */

/* Begin PBXNativeTarget section */
		22ABB5EF2640F7CE0008F5DE /* Lab15-BindingIntro */ = {
			isa = PBXNativeTarget;
			buildConfigurationList = 22ABB61A2640F7D00008F5DE /* Build configuration list for PBXNativeTarget "Lab15-BindingIntro" */;
			buildPhases = (
				22ABB5EC2640F7CE0008F5DE /* Sources */,
				22ABB5ED2640F7CE0008F5DE /* Frameworks */,
				22ABB5EE2640F7CE0008F5DE /* Resources */,
			);
			buildRules = (
			);
			dependencies = (
			);
			name = "Lab15-BindingIntro";
			productName = "Lab15-BindingIntro";
			productReference = 22ABB5F02640F7CE0008F5DE /* Lab15-BindingIntro.app */;
			productType = "com.apple.product-type.application";
		};
		22ABB6052640F7D00008F5DE /* Lab15-BindingIntroTests */ = {
			isa = PBXNativeTarget;
			buildConfigurationList = 22ABB61D2640F7D00008F5DE /* Build configuration list for PBXNativeTarget "Lab15-BindingIntroTests" */;
			buildPhases = (
				22ABB6022640F7D00008F5DE /* Sources */,
				22ABB6032640F7D00008F5DE /* Frameworks */,
				22ABB6042640F7D00008F5DE /* Resources */,
			);
			buildRules = (
			);
			dependencies = (
				22ABB6082640F7D00008F5DE /* PBXTargetDependency */,
			);
			name = "Lab15-BindingIntroTests";
			productName = "Lab15-BindingIntroTests";
			productReference = 22ABB6062640F7D00008F5DE /* Lab15-BindingIntroTests.xctest */;
			productType = "com.apple.product-type.bundle.unit-test";
		};
		22ABB6102640F7D00008F5DE /* Lab15-BindingIntroUITests */ = {
			isa = PBXNativeTarget;
			buildConfigurationList = 22ABB6202640F7D00008F5DE /* Build configuration list for PBXNativeTarget "Lab15-BindingIntroUITests" */;
			buildPhases = (
				22ABB60D2640F7D00008F5DE /* Sources */,
				22ABB60E2640F7D00008F5DE /* Frameworks */,
				22ABB60F2640F7D00008F5DE /* Resources */,
			);
			buildRules = (
			);
			dependencies = (
				22ABB6132640F7D00008F5DE /* PBXTargetDependency */,
			);
			name = "Lab15-BindingIntroUITests";
			productName = "Lab15-BindingIntroUITests";
			productReference = 22ABB6112640F7D00008F5DE /* Lab15-BindingIntroUITests.xctest */;
			productType = "com.apple.product-type.bundle.ui-testing";
		};
/* End PBXNativeTarget section */

/* Begin PBXProject section */
		22ABB5E82640F7CE0008F5DE /* Project object */ = {
			isa = PBXProject;
			attributes = {
				LastSwiftUpdateCheck = 1230;
				LastUpgradeCheck = 1230;
				TargetAttributes = {
					22ABB5EF2640F7CE0008F5DE = {
						CreatedOnToolsVersion = 12.3;
					};
					22ABB6052640F7D00008F5DE = {
						CreatedOnToolsVersion = 12.3;
						TestTargetID = 22ABB5EF2640F7CE0008F5DE;
					};
					22ABB6102640F7D00008F5DE = {
						CreatedOnToolsVersion = 12.3;
						TestTargetID = 22ABB5EF2640F7CE0008F5DE;
					};
				};
			};
			buildConfigurationList = 22ABB5EB2640F7CE0008F5DE /* Build configuration list for PBXProject "Lab15-BindingIntro" */;
			compatibilityVersion = "Xcode 9.3";
			developmentRegion = en;
			hasScannedForEncodings = 0;
			knownRegions = (
				en,
				Base,
			);
			mainGroup = 22ABB5E72640F7CE0008F5DE;
			productRefGroup = 22ABB5F12640F7CE0008F5DE /* Products */;
			projectDirPath = "";
			projectRoot = "";
			targets = (
				22ABB5EF2640F7CE0008F5DE /* Lab15-BindingIntro */,
				22ABB6052640F7D00008F5DE /* Lab15-BindingIntroTests */,
				22ABB6102640F7D00008F5DE /* Lab15-BindingIntroUITests */,
			);
		};
/* End PBXProject section */

/* Begin PBXResourcesBuildPhase section */
		22ABB5EE2640F7CE0008F5DE /* Resources */ = {
			isa = PBXResourcesBuildPhase;
			buildActionMask = 2147483647;
			files = (
				22ABB6002640F7D00008F5DE /* LaunchScreen.storyboard in Resources */,
				22ABB5FD2640F7D00008F5DE /* Preview Assets.xcassets in Resources */,
				22ABB5FA2640F7D00008F5DE /* Assets.xcassets in Resources */,
			);
			runOnlyForDeploymentPostprocessing = 0;
		};
		22ABB6042640F7D00008F5DE /* Resources */ = {
			isa = PBXResourcesBuildPhase;
			buildActionMask = 2147483647;
			files = (
			);
			runOnlyForDeploymentPostprocessing = 0;
		};
		22ABB60F2640F7D00008F5DE /* Resources */ = {
			isa = PBXResourcesBuildPhase;
			buildActionMask = 2147483647;
			files = (
			);
			runOnlyForDeploymentPostprocessing = 0;
		};
/* End PBXResourcesBuildPhase section */

/* Begin PBXSourcesBuildPhase section */
		22ABB5EC2640F7CE0008F5DE /* Sources */ = {
			isa = PBXSourcesBuildPhase;
			buildActionMask = 2147483647;
			files = (
				22ABB5F42640F7CE0008F5DE /* AppDelegate.swift in Sources */,
				22ABB5F62640F7CE0008F5DE /* SceneDelegate.swift in Sources */,
				22ABB5F82640F7CE0008F5DE /* ContentView.swift in Sources */,
			);
			runOnlyForDeploymentPostprocessing = 0;
		};
		22ABB6022640F7D00008F5DE /* Sources */ = {
			isa = PBXSourcesBuildPhase;
			buildActionMask = 2147483647;
			files = (
				22ABB60B2640F7D00008F5DE /* Lab15_BindingIntroTests.swift in Sources */,
			);
			runOnlyForDeploymentPostprocessing = 0;
		};
		22ABB60D2640F7D00008F5DE /* Sources */ = {
			isa = PBXSourcesBuildPhase;
			buildActionMask = 2147483647;
			files = (
				22ABB6162640F7D00008F5DE /* Lab15_BindingIntroUITests.swift in Sources */,
			);
			runOnlyForDeploymentPostprocessing = 0;
		};
/* End PBXSourcesBuildPhase section */

/* Begin PBXTargetDependency section */
		22ABB6082640F7D00008F5DE /* PBXTargetDependency */ = {
			isa = PBXTargetDependency;
			target = 22ABB5EF2640F7CE0008F5DE /* Lab15-BindingIntro */;
			targetProxy = 22ABB6072640F7D00008F5DE /* PBXContainerItemProxy */;
		};
		22ABB6132640F7D00008F5DE /* PBXTargetDependency */ = {
			isa = PBXTargetDependency;
			target = 22ABB5EF2640F7CE0008F5DE /* Lab15-BindingIntro */;
			targetProxy = 22ABB6122640F7D00008F5DE /* PBXContainerItemProxy */;
		};
/* End PBXTargetDependency section */

/* Begin PBXVariantGroup section */
		22ABB5FE2640F7D00008F5DE /* LaunchScreen.storyboard */ = {
			isa = PBXVariantGroup;
			children = (
				22ABB5FF2640F7D00008F5DE /* Base */,
			);
			name = LaunchScreen.storyboard;
			sourceTree = "<group>";
		};
/* End PBXVariantGroup section */

/* Begin XCBuildConfiguration section */
		22ABB6182640F7D00008F5DE /* Debug */ = {
			isa = XCBuildConfiguration;
			buildSettings = {
				ALWAYS_SEARCH_USER_PATHS = NO;
				CLANG_ANALYZER_NONNULL = YES;
				CLANG_ANALYZER_NUMBER_OBJECT_CONVERSION = YES_AGGRESSIVE;
				CLANG_CXX_LANGUAGE_STANDARD = "gnu++14";
				CLANG_CXX_LIBRARY = "libc++";
				CLANG_ENABLE_MODULES = YES;
				CLANG_ENABLE_OBJC_ARC = YES;
				CLANG_ENABLE_OBJC_WEAK = YES;
				CLANG_WARN_BLOCK_CAPTURE_AUTORELEASING = YES;
				CLANG_WARN_BOOL_CONVERSION = YES;
				CLANG_WARN_COMMA = YES;
				CLANG_WARN_CONSTANT_CONVERSION = YES;
				CLANG_WARN_DEPRECATED_OBJC_IMPLEMENTATIONS = YES;
				CLANG_WARN_DIRECT_OBJC_ISA_USAGE = YES_ERROR;
				CLANG_WARN_DOCUMENTATION_COMMENTS = YES;
				CLANG_WARN_EMPTY_BODY = YES;
				CLANG_WARN_ENUM_CONVERSION = YES;
				CLANG_WARN_INFINITE_RECURSION = YES;
				CLANG_WARN_INT_CONVERSION = YES;
				CLANG_WARN_NON_LITERAL_NULL_CONVERSION = YES;
				CLANG_WARN_OBJC_IMPLICIT_RETAIN_SELF = YES;
				CLANG_WARN_OBJC_LITERAL_CONVERSION = YES;
				CLANG_WARN_OBJC_ROOT_CLASS = YES_ERROR;
				CLANG_WARN_QUOTED_INCLUDE_IN_FRAMEWORK_HEADER = YES;
				CLANG_WARN_RANGE_LOOP_ANALYSIS = YES;
				CLANG_WARN_STRICT_PROTOTYPES = YES;
				CLANG_WARN_SUSPICIOUS_MOVE = YES;
				CLANG_WARN_UNGUARDED_AVAILABILITY = YES_AGGRESSIVE;
				CLANG_WARN_UNREACHABLE_CODE = YES;
				CLANG_WARN__DUPLICATE_METHOD_MATCH = YES;
				COPY_PHASE_STRIP = NO;
				DEBUG_INFORMATION_FORMAT = dwarf;
				ENABLE_STRICT_OBJC_MSGSEND = YES;
				ENABLE_TESTABILITY = YES;
				GCC_C_LANGUAGE_STANDARD = gnu11;
				GCC_DYNAMIC_NO_PIC = NO;
				GCC_NO_COMMON_BLOCKS = YES;
				GCC_OPTIMIZATION_LEVEL = 0;
				GCC_PREPROCESSOR_DEFINITIONS = (
					"DEBUG=1",
					"$(inherited)",
				);
				GCC_WARN_64_TO_32_BIT_CONVERSION = YES;
				GCC_WARN_ABOUT_RETURN_TYPE = YES_ERROR;
				GCC_WARN_UNDECLARED_SELECTOR = YES;
				GCC_WARN_UNINITIALIZED_AUTOS = YES_AGGRESSIVE;
				GCC_WARN_UNUSED_FUNCTION = YES;
				GCC_WARN_UNUSED_VARIABLE = YES;
				IPHONEOS_DEPLOYMENT_TARGET = 14.3;
				MTL_ENABLE_DEBUG_INFO = INCLUDE_SOURCE;
				MTL_FAST_MATH = YES;
				ONLY_ACTIVE_ARCH = YES;
				SDKROOT = iphoneos;
				SWIFT_ACTIVE_COMPILATION_CONDITIONS = DEBUG;
				SWIFT_OPTIMIZATION_LEVEL = "-Onone";
			};
			name = Debug;
		};
		22ABB6192640F7D00008F5DE /* Release */ = {
			isa = XCBuildConfiguration;
			buildSettings = {
				ALWAYS_SEARCH_USER_PATHS = NO;
				CLANG_ANALYZER_NONNULL = YES;
				CLANG_ANALYZER_NUMBER_OBJECT_CONVERSION = YES_AGGRESSIVE;
				CLANG_CXX_LANGUAGE_STANDARD = "gnu++14";
				CLANG_CXX_LIBRARY = "libc++";
				CLANG_ENABLE_MODULES = YES;
				CLANG_ENABLE_OBJC_ARC = YES;
				CLANG_ENABLE_OBJC_WEAK = YES;
				CLANG_WARN_BLOCK_CAPTURE_AUTORELEASING = YES;
				CLANG_WARN_BOOL_CONVERSION = YES;
				CLANG_WARN_COMMA = YES;
				CLANG_WARN_CONSTANT_CONVERSION = YES;
				CLANG_WARN_DEPRECATED_OBJC_IMPLEMENTATIONS = YES;
				CLANG_WARN_DIRECT_OBJC_ISA_USAGE = YES_ERROR;
				CLANG_WARN_DOCUMENTATION_COMMENTS = YES;
				CLANG_WARN_EMPTY_BODY = YES;
				CLANG_WARN_ENUM_CONVERSION = YES;
				CLANG_WARN_INFINITE_RECURSION = YES;
				CLANG_WARN_INT_CONVERSION = YES;
				CLANG_WARN_NON_LITERAL_NULL_CONVERSION = YES;
				CLANG_WARN_OBJC_IMPLICIT_RETAIN_SELF = YES;
				CLANG_WARN_OBJC_LITERAL_CONVERSION = YES;
				CLANG_WARN_OBJC_ROOT_CLASS = YES_ERROR;
				CLANG_WARN_QUOTED_INCLUDE_IN_FRAMEWORK_HEADER = YES;
				CLANG_WARN_RANGE_LOOP_ANALYSIS = YES;
				CLANG_WARN_STRICT_PROTOTYPES = YES;
				CLANG_WARN_SUSPICIOUS_MOVE = YES;
				CLANG_WARN_UNGUARDED_AVAILABILITY = YES_AGGRESSIVE;
				CLANG_WARN_UNREACHABLE_CODE = YES;
				CLANG_WARN__DUPLICATE_METHOD_MATCH = YES;
				COPY_PHASE_STRIP = NO;
				DEBUG_INFORMATION_FORMAT = "dwarf-with-dsym";
				ENABLE_NS_ASSERTIONS = NO;
				ENABLE_STRICT_OBJC_MSGSEND = YES;
				GCC_C_LANGUAGE_STANDARD = gnu11;
				GCC_NO_COMMON_BLOCKS = YES;
				GCC_WARN_64_TO_32_BIT_CONVERSION = YES;
				GCC_WARN_ABOUT_RETURN_TYPE = YES_ERROR;
				GCC_WARN_UNDECLARED_SELECTOR = YES;
				GCC_WARN_UNINITIALIZED_AUTOS = YES_AGGRESSIVE;
				GCC_WARN_UNUSED_FUNCTION = YES;
				GCC_WARN_UNUSED_VARIABLE = YES;
				IPHONEOS_DEPLOYMENT_TARGET = 14.3;
				MTL_ENABLE_DEBUG_INFO = NO;
				MTL_FAST_MATH = YES;
				SDKROOT = iphoneos;
				SWIFT_COMPILATION_MODE = wholemodule;
				SWIFT_OPTIMIZATION_LEVEL = "-O";
				VALIDATE_PRODUCT = YES;
			};
			name = Release;
		};
		22ABB61B2640F7D00008F5DE /* Debug */ = {
			isa = XCBuildConfiguration;
			buildSettings = {
				ASSETCATALOG_COMPILER_APPICON_NAME = AppIcon;
				ASSETCATALOG_COMPILER_GLOBAL_ACCENT_COLOR_NAME = AccentColor;
				CODE_SIGN_STYLE = Automatic;
				DEVELOPMENT_ASSET_PATHS = "\"Lab15-BindingIntro/Preview Content\"";
				DEVELOPMENT_TEAM = 9RSZL3DL58;
				ENABLE_PREVIEWS = YES;
				INFOPLIST_FILE = "Lab15-BindingIntro/Info.plist";
				LD_RUNPATH_SEARCH_PATHS = (
					"$(inherited)",
					"@executable_path/Frameworks",
				);
				PRODUCT_BUNDLE_IDENTIFIER = "edu.tric.it.Lab15-BindingIntro";
				PRODUCT_NAME = "$(TARGET_NAME)";
				SWIFT_VERSION = 5.0;
				TARGETED_DEVICE_FAMILY = "1,2";
			};
			name = Debug;
		};
		22ABB61C2640F7D00008F5DE /* Release */ = {
			isa = XCBuildConfiguration;
			buildSettings = {
				ASSETCATALOG_COMPILER_APPICON_NAME = AppIcon;
				ASSETCATALOG_COMPILER_GLOBAL_ACCENT_COLOR_NAME = AccentColor;
				CODE_SIGN_STYLE = Automatic;
				DEVELOPMENT_ASSET_PATHS = "\"Lab15-BindingIntro/Preview Content\"";
				DEVELOPMENT_TEAM = 9RSZL3DL58;
				ENABLE_PREVIEWS = YES;
				INFOPLIST_FILE = "Lab15-BindingIntro/Info.plist";
				LD_RUNPATH_SEARCH_PATHS = (
					"$(inherited)",
					"@executable_path/Frameworks",
				);
				PRODUCT_BUNDLE_IDENTIFIER = "edu.tric.it.Lab15-BindingIntro";
				PRODUCT_NAME = "$(TARGET_NAME)";
				SWIFT_VERSION = 5.0;
				TARGETED_DEVICE_FAMILY = "1,2";
			};
			name = Release;
		};
		22ABB61E2640F7D00008F5DE /* Debug */ = {
			isa = XCBuildConfiguration;
			buildSettings = {
				ALWAYS_EMBED_SWIFT_STANDARD_LIBRARIES = YES;
				BUNDLE_LOADER = "$(TEST_HOST)";
				CODE_SIGN_STYLE = Automatic;
				DEVELOPMENT_TEAM = 9RSZL3DL58;
				INFOPLIST_FILE = "Lab15-BindingIntroTests/Info.plist";
				IPHONEOS_DEPLOYMENT_TARGET = 14.3;
				LD_RUNPATH_SEARCH_PATHS = (
					"$(inherited)",
					"@executable_path/Frameworks",
					"@loader_path/Frameworks",
				);
				PRODUCT_BUNDLE_IDENTIFIER = "edu.tric.it.Lab15-BindingIntroTests";
				PRODUCT_NAME = "$(TARGET_NAME)";
				SWIFT_VERSION = 5.0;
				TARGETED_DEVICE_FAMILY = "1,2";
				TEST_HOST = "$(BUILT_PRODUCTS_DIR)/Lab15-BindingIntro.app/Lab15-BindingIntro";
			};
			name = Debug;
		};
		22ABB61F2640F7D00008F5DE /* Release */ = {
			isa = XCBuildConfiguration;
			buildSettings = {
				ALWAYS_EMBED_SWIFT_STANDARD_LIBRARIES = YES;
				BUNDLE_LOADER = "$(TEST_HOST)";
				CODE_SIGN_STYLE = Automatic;
				DEVELOPMENT_TEAM = 9RSZL3DL58;
				INFOPLIST_FILE = "Lab15-BindingIntroTests/Info.plist";
				IPHONEOS_DEPLOYMENT_TARGET = 14.3;
				LD_RUNPATH_SEARCH_PATHS = (
					"$(inherited)",
					"@executable_path/Frameworks",
					"@loader_path/Frameworks",
				);
				PRODUCT_BUNDLE_IDENTIFIER = "edu.tric.it.Lab15-BindingIntroTests";
				PRODUCT_NAME = "$(TARGET_NAME)";
				SWIFT_VERSION = 5.0;
				TARGETED_DEVICE_FAMILY = "1,2";
				TEST_HOST = "$(BUILT_PRODUCTS_DIR)/Lab15-BindingIntro.app/Lab15-BindingIntro";
			};
			name = Release;
		};
		22ABB6212640F7D00008F5DE /* Debug */ = {
			isa = XCBuildConfiguration;
			buildSettings = {
				ALWAYS_EMBED_SWIFT_STANDARD_LIBRARIES = YES;
				CODE_SIGN_STYLE = Automatic;
				DEVELOPMENT_TEAM = 9RSZL3DL58;
				INFOPLIST_FILE = "Lab15-BindingIntroUITests/Info.plist";
				LD_RUNPATH_SEARCH_PATHS = (
					"$(inherited)",
					"@executable_path/Frameworks",
					"@loader_path/Frameworks",
				);
				PRODUCT_BUNDLE_IDENTIFIER = "edu.tric.it.Lab15-BindingIntroUITests";
				PRODUCT_NAME = "$(TARGET_NAME)";
				SWIFT_VERSION = 5.0;
				TARGETED_DEVICE_FAMILY = "1,2";
				TEST_TARGET_NAME = "Lab15-BindingIntro";
			};
			name = Debug;
		};
		22ABB6222640F7D00008F5DE /* Release */ = {
			isa = XCBuildConfiguration;
			buildSettings = {
				ALWAYS_EMBED_SWIFT_STANDARD_LIBRARIES = YES;
				CODE_SIGN_STYLE = Automatic;
				DEVELOPMENT_TEAM = 9RSZL3DL58;
				INFOPLIST_FILE = "Lab15-BindingIntroUITests/Info.plist";
				LD_RUNPATH_SEARCH_PATHS = (
					"$(inherited)",
					"@executable_path/Frameworks",
					"@loader_path/Frameworks",
				);
				PRODUCT_BUNDLE_IDENTIFIER = "edu.tric.it.Lab15-BindingIntroUITests";
				PRODUCT_NAME = "$(TARGET_NAME)";
				SWIFT_VERSION = 5.0;
				TARGETED_DEVICE_FAMILY = "1,2";
				TEST_TARGET_NAME = "Lab15-BindingIntro";
			};
			name = Release;
		};
/* End XCBuildConfiguration section */

/* Begin XCConfigurationList section */
		22ABB5EB2640F7CE0008F5DE /* Build configuration list for PBXProject "Lab15-BindingIntro" */ = {
			isa = XCConfigurationList;
			buildConfigurations = (
				22ABB6182640F7D00008F5DE /* Debug */,
				22ABB6192640F7D00008F5DE /* Release */,
			);
			defaultConfigurationIsVisible = 0;
			defaultConfigurationName = Release;
		};
		22ABB61A2640F7D00008F5DE /* Build configuration list for PBXNativeTarget "Lab15-BindingIntro" */ = {
			isa = XCConfigurationList;
			buildConfigurations = (
				22ABB61B2640F7D00008F5DE /* Debug */,
				22ABB61C2640F7D00008F5DE /* Release */,
			);
			defaultConfigurationIsVisible = 0;
			defaultConfigurationName = Release;
		};
		22ABB61D2640F7D00008F5DE /* Build configuration list for PBXNativeTarget "Lab15-BindingIntroTests" */ = {
			isa = XCConfigurationList;
			buildConfigurations = (
				22ABB61E2640F7D00008F5DE /* Debug */,
				22ABB61F2640F7D00008F5DE /* Release */,
			);
			defaultConfigurationIsVisible = 0;
			defaultConfigurationName = Release;
		};
		22ABB6202640F7D00008F5DE /* Build configuration list for PBXNativeTarget "Lab15-BindingIntroUITests" */ = {
			isa = XCConfigurationList;
			buildConfigurations = (
				22ABB6212640F7D00008F5DE /* Debug */,
				22ABB6222640F7D00008F5DE /* Release */,
			);
			defaultConfigurationIsVisible = 0;
			defaultConfigurationName = Release;
		};
/* End XCConfigurationList section */
	};
	rootObject = 22ABB5E82640F7CE0008F5DE /* Project object */;
}
