// !$*UTF8*$!
{
	archiveVersion = 1;
	classes = {
	};
	objectVersion = 50;
	objects = {

/* Begin PBXBuildFile section */
		2219554C262E52D40079F429 /* AppDelegate.swift in Sources */ = {isa = PBXBuildFile; fileRef = 2219554B262E52D40079F429 /* AppDelegate.swift */; };
		2219554E262E52D40079F429 /* SceneDelegate.swift in Sources */ = {isa = PBXBuildFile; fileRef = 2219554D262E52D40079F429 /* SceneDelegate.swift */; };
		22195550262E52D40079F429 /* PhotoViewController.swift in Sources */ = {isa = PBXBuildFile; fileRef = 2219554F262E52D40079F429 /* PhotoViewController.swift */; };
		22195553262E52D40079F429 /* Main.storyboard in Resources */ = {isa = PBXBuildFile; fileRef = 22195551262E52D40079F429 /* Main.storyboard */; };
		22195555262E52D70079F429 /* Assets.xcassets in Resources */ = {isa = PBXBuildFile; fileRef = 22195554262E52D70079F429 /* Assets.xcassets */; };
		22195558262E52D70079F429 /* LaunchScreen.storyboard in Resources */ = {isa = PBXBuildFile; fileRef = 22195556262E52D70079F429 /* LaunchScreen.storyboard */; };
		22195563262E52D70079F429 /* lab13_photoviewerTests.swift in Sources */ = {isa = PBXBuildFile; fileRef = 22195562262E52D70079F429 /* lab13_photoviewerTests.swift */; };
		2219556E262E52D70079F429 /* lab13_photoviewerUITests.swift in Sources */ = {isa = PBXBuildFile; fileRef = 2219556D262E52D70079F429 /* lab13_photoviewerUITests.swift */; };
		22195582262E57AC0079F429 /* FlickrAPI.swift in Sources */ = {isa = PBXBuildFile; fileRef = 22195581262E57AC0079F429 /* FlickrAPI.swift */; };
		22195587262E5D0C0079F429 /* PhotoStore.swift in Sources */ = {isa = PBXBuildFile; fileRef = 22195586262E5D0C0079F429 /* PhotoStore.swift */; };
		2219558C262E704A0079F429 /* Photo.swift in Sources */ = {isa = PBXBuildFile; fileRef = 2219558B262E704A0079F429 /* Photo.swift */; };
/* End PBXBuildFile section */

/* Begin PBXContainerItemProxy section */
		2219555F262E52D70079F429 /* PBXContainerItemProxy */ = {
			isa = PBXContainerItemProxy;
			containerPortal = 22195540262E52D40079F429 /* Project object */;
			proxyType = 1;
			remoteGlobalIDString = 22195547262E52D40079F429;
			remoteInfo = "lab13-photoviewer";
		};
		2219556A262E52D70079F429 /* PBXContainerItemProxy */ = {
			isa = PBXContainerItemProxy;
			containerPortal = 22195540262E52D40079F429 /* Project object */;
			proxyType = 1;
			remoteGlobalIDString = 22195547262E52D40079F429;
			remoteInfo = "lab13-photoviewer";
		};
/* End PBXContainerItemProxy section */

/* Begin PBXFileReference section */
		22195548262E52D40079F429 /* lab13-photoviewer.app */ = {isa = PBXFileReference; explicitFileType = wrapper.application; includeInIndex = 0; path = "lab13-photoviewer.app"; sourceTree = BUILT_PRODUCTS_DIR; };
		2219554B262E52D40079F429 /* AppDelegate.swift */ = {isa = PBXFileReference; lastKnownFileType = sourcecode.swift; path = AppDelegate.swift; sourceTree = "<group>"; };
		2219554D262E52D40079F429 /* SceneDelegate.swift */ = {isa = PBXFileReference; lastKnownFileType = sourcecode.swift; path = SceneDelegate.swift; sourceTree = "<group>"; };
		2219554F262E52D40079F429 /* PhotoViewController.swift */ = {isa = PBXFileReference; lastKnownFileType = sourcecode.swift; path = PhotoViewController.swift; sourceTree = "<group>"; };
		22195552262E52D40079F429 /* Base */ = {isa = PBXFileReference; lastKnownFileType = file.storyboard; name = Base; path = Base.lproj/Main.storyboard; sourceTree = "<group>"; };
		22195554262E52D70079F429 /* Assets.xcassets */ = {isa = PBXFileReference; lastKnownFileType = folder.assetcatalog; path = Assets.xcassets; sourceTree = "<group>"; };
		22195557262E52D70079F429 /* Base */ = {isa = PBXFileReference; lastKnownFileType = file.storyboard; name = Base; path = Base.lproj/LaunchScreen.storyboard; sourceTree = "<group>"; };
		22195559262E52D70079F429 /* Info.plist */ = {isa = PBXFileReference; lastKnownFileType = text.plist.xml; path = Info.plist; sourceTree = "<group>"; };
		2219555E262E52D70079F429 /* lab13-photoviewerTests.xctest */ = {isa = PBXFileReference; explicitFileType = wrapper.cfbundle; includeInIndex = 0; path = "lab13-photoviewerTests.xctest"; sourceTree = BUILT_PRODUCTS_DIR; };
		22195562262E52D70079F429 /* lab13_photoviewerTests.swift */ = {isa = PBXFileReference; lastKnownFileType = sourcecode.swift; path = lab13_photoviewerTests.swift; sourceTree = "<group>"; };
		22195564262E52D70079F429 /* Info.plist */ = {isa = PBXFileReference; lastKnownFileType = text.plist.xml; path = Info.plist; sourceTree = "<group>"; };
		22195569262E52D70079F429 /* lab13-photoviewerUITests.xctest */ = {isa = PBXFileReference; explicitFileType = wrapper.cfbundle; includeInIndex = 0; path = "lab13-photoviewerUITests.xctest"; sourceTree = BUILT_PRODUCTS_DIR; };
		2219556D262E52D70079F429 /* lab13_photoviewerUITests.swift */ = {isa = PBXFileReference; lastKnownFileType = sourcecode.swift; path = lab13_photoviewerUITests.swift; sourceTree = "<group>"; };
		2219556F262E52D70079F429 /* Info.plist */ = {isa = PBXFileReference; lastKnownFileType = text.plist.xml; path = Info.plist; sourceTree = "<group>"; };
		22195581262E57AC0079F429 /* FlickrAPI.swift */ = {isa = PBXFileReference; lastKnownFileType = sourcecode.swift; path = FlickrAPI.swift; sourceTree = "<group>"; };
		22195586262E5D0C0079F429 /* PhotoStore.swift */ = {isa = PBXFileReference; lastKnownFileType = sourcecode.swift; path = PhotoStore.swift; sourceTree = "<group>"; };
		2219558B262E704A0079F429 /* Photo.swift */ = {isa = PBXFileReference; lastKnownFileType = sourcecode.swift; path = Photo.swift; sourceTree = "<group>"; };
/* End PBXFileReference section */

/* Begin PBXFrameworksBuildPhase section */
		22195545262E52D40079F429 /* Frameworks */ = {
			isa = PBXFrameworksBuildPhase;
			buildActionMask = 2147483647;
			files = (
			);
			runOnlyForDeploymentPostprocessing = 0;
		};
		2219555B262E52D70079F429 /* Frameworks */ = {
			isa = PBXFrameworksBuildPhase;
			buildActionMask = 2147483647;
			files = (
			);
			runOnlyForDeploymentPostprocessing = 0;
		};
		22195566262E52D70079F429 /* Frameworks */ = {
			isa = PBXFrameworksBuildPhase;
			buildActionMask = 2147483647;
			files = (
			);
			runOnlyForDeploymentPostprocessing = 0;
		};
/* End PBXFrameworksBuildPhase section */

/* Begin PBXGroup section */
		2219553F262E52D40079F429 = {
			isa = PBXGroup;
			children = (
				2219554A262E52D40079F429 /* lab13-photoviewer */,
				22195561262E52D70079F429 /* lab13-photoviewerTests */,
				2219556C262E52D70079F429 /* lab13-photoviewerUITests */,
				22195549262E52D40079F429 /* Products */,
			);
			sourceTree = "<group>";
		};
		22195549262E52D40079F429 /* Products */ = {
			isa = PBXGroup;
			children = (
				22195548262E52D40079F429 /* lab13-photoviewer.app */,
				2219555E262E52D70079F429 /* lab13-photoviewerTests.xctest */,
				22195569262E52D70079F429 /* lab13-photoviewerUITests.xctest */,
			);
			name = Products;
			sourceTree = "<group>";
		};
		2219554A262E52D40079F429 /* lab13-photoviewer */ = {
			isa = PBXGroup;
			children = (
				2219554B262E52D40079F429 /* AppDelegate.swift */,
				2219554D262E52D40079F429 /* SceneDelegate.swift */,
				2219554F262E52D40079F429 /* PhotoViewController.swift */,
				22195551262E52D40079F429 /* Main.storyboard */,
				22195554262E52D70079F429 /* Assets.xcassets */,
				22195556262E52D70079F429 /* LaunchScreen.storyboard */,
				22195559262E52D70079F429 /* Info.plist */,
				22195581262E57AC0079F429 /* FlickrAPI.swift */,
				22195586262E5D0C0079F429 /* PhotoStore.swift */,
				2219558B262E704A0079F429 /* Photo.swift */,
			);
			path = "lab13-photoviewer";
			sourceTree = "<group>";
		};
		22195561262E52D70079F429 /* lab13-photoviewerTests */ = {
			isa = PBXGroup;
			children = (
				22195562262E52D70079F429 /* lab13_photoviewerTests.swift */,
				22195564262E52D70079F429 /* Info.plist */,
			);
			path = "lab13-photoviewerTests";
			sourceTree = "<group>";
		};
		2219556C262E52D70079F429 /* lab13-photoviewerUITests */ = {
			isa = PBXGroup;
			children = (
				2219556D262E52D70079F429 /* lab13_photoviewerUITests.swift */,
				2219556F262E52D70079F429 /* Info.plist */,
			);
			path = "lab13-photoviewerUITests";
			sourceTree = "<group>";
		};
/* End PBXGroup section */

/* Begin PBXNativeTarget section */
		22195547262E52D40079F429 /* lab13-photoviewer */ = {
			isa = PBXNativeTarget;
			buildConfigurationList = 22195572262E52D70079F429 /* Build configuration list for PBXNativeTarget "lab13-photoviewer" */;
			buildPhases = (
				22195544262E52D40079F429 /* Sources */,
				22195545262E52D40079F429 /* Frameworks */,
				22195546262E52D40079F429 /* Resources */,
			);
			buildRules = (
			);
			dependencies = (
			);
			name = "lab13-photoviewer";
			productName = "lab13-photoviewer";
			productReference = 22195548262E52D40079F429 /* lab13-photoviewer.app */;
			productType = "com.apple.product-type.application";
		};
		2219555D262E52D70079F429 /* lab13-photoviewerTests */ = {
			isa = PBXNativeTarget;
			buildConfigurationList = 22195575262E52D70079F429 /* Build configuration list for PBXNativeTarget "lab13-photoviewerTests" */;
			buildPhases = (
				2219555A262E52D70079F429 /* Sources */,
				2219555B262E52D70079F429 /* Frameworks */,
				2219555C262E52D70079F429 /* Resources */,
			);
			buildRules = (
			);
			dependencies = (
				22195560262E52D70079F429 /* PBXTargetDependency */,
			);
			name = "lab13-photoviewerTests";
			productName = "lab13-photoviewerTests";
			productReference = 2219555E262E52D70079F429 /* lab13-photoviewerTests.xctest */;
			productType = "com.apple.product-type.bundle.unit-test";
		};
		22195568262E52D70079F429 /* lab13-photoviewerUITests */ = {
			isa = PBXNativeTarget;
			buildConfigurationList = 22195578262E52D70079F429 /* Build configuration list for PBXNativeTarget "lab13-photoviewerUITests" */;
			buildPhases = (
				22195565262E52D70079F429 /* Sources */,
				22195566262E52D70079F429 /* Frameworks */,
				22195567262E52D70079F429 /* Resources */,
			);
			buildRules = (
			);
			dependencies = (
				2219556B262E52D70079F429 /* PBXTargetDependency */,
			);
			name = "lab13-photoviewerUITests";
			productName = "lab13-photoviewerUITests";
			productReference = 22195569262E52D70079F429 /* lab13-photoviewerUITests.xctest */;
			productType = "com.apple.product-type.bundle.ui-testing";
		};
/* End PBXNativeTarget section */

/* Begin PBXProject section */
		22195540262E52D40079F429 /* Project object */ = {
			isa = PBXProject;
			attributes = {
				LastSwiftUpdateCheck = 1230;
				LastUpgradeCheck = 1230;
				TargetAttributes = {
					22195547262E52D40079F429 = {
						CreatedOnToolsVersion = 12.3;
					};
					2219555D262E52D70079F429 = {
						CreatedOnToolsVersion = 12.3;
						TestTargetID = 22195547262E52D40079F429;
					};
					22195568262E52D70079F429 = {
						CreatedOnToolsVersion = 12.3;
						TestTargetID = 22195547262E52D40079F429;
					};
				};
			};
			buildConfigurationList = 22195543262E52D40079F429 /* Build configuration list for PBXProject "lab13-photoviewer" */;
			compatibilityVersion = "Xcode 9.3";
			developmentRegion = en;
			hasScannedForEncodings = 0;
			knownRegions = (
				en,
				Base,
			);
			mainGroup = 2219553F262E52D40079F429;
			productRefGroup = 22195549262E52D40079F429 /* Products */;
			projectDirPath = "";
			projectRoot = "";
			targets = (
				22195547262E52D40079F429 /* lab13-photoviewer */,
				2219555D262E52D70079F429 /* lab13-photoviewerTests */,
				22195568262E52D70079F429 /* lab13-photoviewerUITests */,
			);
		};
/* End PBXProject section */

/* Begin PBXResourcesBuildPhase section */
		22195546262E52D40079F429 /* Resources */ = {
			isa = PBXResourcesBuildPhase;
			buildActionMask = 2147483647;
			files = (
				22195558262E52D70079F429 /* LaunchScreen.storyboard in Resources */,
				22195555262E52D70079F429 /* Assets.xcassets in Resources */,
				22195553262E52D40079F429 /* Main.storyboard in Resources */,
			);
			runOnlyForDeploymentPostprocessing = 0;
		};
		2219555C262E52D70079F429 /* Resources */ = {
			isa = PBXResourcesBuildPhase;
			buildActionMask = 2147483647;
			files = (
			);
			runOnlyForDeploymentPostprocessing = 0;
		};
		22195567262E52D70079F429 /* Resources */ = {
			isa = PBXResourcesBuildPhase;
			buildActionMask = 2147483647;
			files = (
			);
			runOnlyForDeploymentPostprocessing = 0;
		};
/* End PBXResourcesBuildPhase section */

/* Begin PBXSourcesBuildPhase section */
		22195544262E52D40079F429 /* Sources */ = {
			isa = PBXSourcesBuildPhase;
			buildActionMask = 2147483647;
			files = (
				2219558C262E704A0079F429 /* Photo.swift in Sources */,
				22195587262E5D0C0079F429 /* PhotoStore.swift in Sources */,
				22195550262E52D40079F429 /* PhotoViewController.swift in Sources */,
				2219554C262E52D40079F429 /* AppDelegate.swift in Sources */,
				2219554E262E52D40079F429 /* SceneDelegate.swift in Sources */,
				22195582262E57AC0079F429 /* FlickrAPI.swift in Sources */,
			);
			runOnlyForDeploymentPostprocessing = 0;
		};
		2219555A262E52D70079F429 /* Sources */ = {
			isa = PBXSourcesBuildPhase;
			buildActionMask = 2147483647;
			files = (
				22195563262E52D70079F429 /* lab13_photoviewerTests.swift in Sources */,
			);
			runOnlyForDeploymentPostprocessing = 0;
		};
		22195565262E52D70079F429 /* Sources */ = {
			isa = PBXSourcesBuildPhase;
			buildActionMask = 2147483647;
			files = (
				2219556E262E52D70079F429 /* lab13_photoviewerUITests.swift in Sources */,
			);
			runOnlyForDeploymentPostprocessing = 0;
		};
/* End PBXSourcesBuildPhase section */

/* Begin PBXTargetDependency section */
		22195560262E52D70079F429 /* PBXTargetDependency */ = {
			isa = PBXTargetDependency;
			target = 22195547262E52D40079F429 /* lab13-photoviewer */;
			targetProxy = 2219555F262E52D70079F429 /* PBXContainerItemProxy */;
		};
		2219556B262E52D70079F429 /* PBXTargetDependency */ = {
			isa = PBXTargetDependency;
			target = 22195547262E52D40079F429 /* lab13-photoviewer */;
			targetProxy = 2219556A262E52D70079F429 /* PBXContainerItemProxy */;
		};
/* End PBXTargetDependency section */

/* Begin PBXVariantGroup section */
		22195551262E52D40079F429 /* Main.storyboard */ = {
			isa = PBXVariantGroup;
			children = (
				22195552262E52D40079F429 /* Base */,
			);
			name = Main.storyboard;
			sourceTree = "<group>";
		};
		22195556262E52D70079F429 /* LaunchScreen.storyboard */ = {
			isa = PBXVariantGroup;
			children = (
				22195557262E52D70079F429 /* Base */,
			);
			name = LaunchScreen.storyboard;
			sourceTree = "<group>";
		};
/* End PBXVariantGroup section */

/* Begin XCBuildConfiguration section */
		22195570262E52D70079F429 /* Debug */ = {
			isa = XCBuildConfiguration;
			buildSettings = {
				ALWAYS_SEARCH_USER_PATHS = NO;
				CLANG_ANALYZER_NONNULL = YES;
				CLANG_ANALYZER_NUMBER_OBJECT_CONVERSION = YES_AGGRESSIVE;
				CLANG_CXX_LANGUAGE_STANDARD = "gnu++14";
				CLANG_CXX_LIBRARY = "libc++";
				CLANG_ENABLE_MODULES = YES;
				CLANG_ENABLE_OBJC_ARC = YES;
				CLANG_ENABLE_OBJC_WEAK = YES;
				CLANG_WARN_BLOCK_CAPTURE_AUTORELEASING = YES;
				CLANG_WARN_BOOL_CONVERSION = YES;
				CLANG_WARN_COMMA = YES;
				CLANG_WARN_CONSTANT_CONVERSION = YES;
				CLANG_WARN_DEPRECATED_OBJC_IMPLEMENTATIONS = YES;
				CLANG_WARN_DIRECT_OBJC_ISA_USAGE = YES_ERROR;
				CLANG_WARN_DOCUMENTATION_COMMENTS = YES;
				CLANG_WARN_EMPTY_BODY = YES;
				CLANG_WARN_ENUM_CONVERSION = YES;
				CLANG_WARN_INFINITE_RECURSION = YES;
				CLANG_WARN_INT_CONVERSION = YES;
				CLANG_WARN_NON_LITERAL_NULL_CONVERSION = YES;
				CLANG_WARN_OBJC_IMPLICIT_RETAIN_SELF = YES;
				CLANG_WARN_OBJC_LITERAL_CONVERSION = YES;
				CLANG_WARN_OBJC_ROOT_CLASS = YES_ERROR;
				CLANG_WARN_QUOTED_INCLUDE_IN_FRAMEWORK_HEADER = YES;
				CLANG_WARN_RANGE_LOOP_ANALYSIS = YES;
				CLANG_WARN_STRICT_PROTOTYPES = YES;
				CLANG_WARN_SUSPICIOUS_MOVE = YES;
				CLANG_WARN_UNGUARDED_AVAILABILITY = YES_AGGRESSIVE;
				CLANG_WARN_UNREACHABLE_CODE = YES;
				CLANG_WARN__DUPLICATE_METHOD_MATCH = YES;
				COPY_PHASE_STRIP = NO;
				DEBUG_INFORMATION_FORMAT = dwarf;
				ENABLE_STRICT_OBJC_MSGSEND = YES;
				ENABLE_TESTABILITY = YES;
				GCC_C_LANGUAGE_STANDARD = gnu11;
				GCC_DYNAMIC_NO_PIC = NO;
				GCC_NO_COMMON_BLOCKS = YES;
				GCC_OPTIMIZATION_LEVEL = 0;
				GCC_PREPROCESSOR_DEFINITIONS = (
					"DEBUG=1",
					"$(inherited)",
				);
				GCC_WARN_64_TO_32_BIT_CONVERSION = YES;
				GCC_WARN_ABOUT_RETURN_TYPE = YES_ERROR;
				GCC_WARN_UNDECLARED_SELECTOR = YES;
				GCC_WARN_UNINITIALIZED_AUTOS = YES_AGGRESSIVE;
				GCC_WARN_UNUSED_FUNCTION = YES;
				GCC_WARN_UNUSED_VARIABLE = YES;
				IPHONEOS_DEPLOYMENT_TARGET = 14.3;
				MTL_ENABLE_DEBUG_INFO = INCLUDE_SOURCE;
				MTL_FAST_MATH = YES;
				ONLY_ACTIVE_ARCH = YES;
				SDKROOT = iphoneos;
				SWIFT_ACTIVE_COMPILATION_CONDITIONS = DEBUG;
				SWIFT_OPTIMIZATION_LEVEL = "-Onone";
			};
			name = Debug;
		};
		22195571262E52D70079F429 /* Release */ = {
			isa = XCBuildConfiguration;
			buildSettings = {
				ALWAYS_SEARCH_USER_PATHS = NO;
				CLANG_ANALYZER_NONNULL = YES;
				CLANG_ANALYZER_NUMBER_OBJECT_CONVERSION = YES_AGGRESSIVE;
				CLANG_CXX_LANGUAGE_STANDARD = "gnu++14";
				CLANG_CXX_LIBRARY = "libc++";
				CLANG_ENABLE_MODULES = YES;
				CLANG_ENABLE_OBJC_ARC = YES;
				CLANG_ENABLE_OBJC_WEAK = YES;
				CLANG_WARN_BLOCK_CAPTURE_AUTORELEASING = YES;
				CLANG_WARN_BOOL_CONVERSION = YES;
				CLANG_WARN_COMMA = YES;
				CLANG_WARN_CONSTANT_CONVERSION = YES;
				CLANG_WARN_DEPRECATED_OBJC_IMPLEMENTATIONS = YES;
				CLANG_WARN_DIRECT_OBJC_ISA_USAGE = YES_ERROR;
				CLANG_WARN_DOCUMENTATION_COMMENTS = YES;
				CLANG_WARN_EMPTY_BODY = YES;
				CLANG_WARN_ENUM_CONVERSION = YES;
				CLANG_WARN_INFINITE_RECURSION = YES;
				CLANG_WARN_INT_CONVERSION = YES;
				CLANG_WARN_NON_LITERAL_NULL_CONVERSION = YES;
				CLANG_WARN_OBJC_IMPLICIT_RETAIN_SELF = YES;
				CLANG_WARN_OBJC_LITERAL_CONVERSION = YES;
				CLANG_WARN_OBJC_ROOT_CLASS = YES_ERROR;
				CLANG_WARN_QUOTED_INCLUDE_IN_FRAMEWORK_HEADER = YES;
				CLANG_WARN_RANGE_LOOP_ANALYSIS = YES;
				CLANG_WARN_STRICT_PROTOTYPES = YES;
				CLANG_WARN_SUSPICIOUS_MOVE = YES;
				CLANG_WARN_UNGUARDED_AVAILABILITY = YES_AGGRESSIVE;
				CLANG_WARN_UNREACHABLE_CODE = YES;
				CLANG_WARN__DUPLICATE_METHOD_MATCH = YES;
				COPY_PHASE_STRIP = NO;
				DEBUG_INFORMATION_FORMAT = "dwarf-with-dsym";
				ENABLE_NS_ASSERTIONS = NO;
				ENABLE_STRICT_OBJC_MSGSEND = YES;
				GCC_C_LANGUAGE_STANDARD = gnu11;
				GCC_NO_COMMON_BLOCKS = YES;
				GCC_WARN_64_TO_32_BIT_CONVERSION = YES;
				GCC_WARN_ABOUT_RETURN_TYPE = YES_ERROR;
				GCC_WARN_UNDECLARED_SELECTOR = YES;
				GCC_WARN_UNINITIALIZED_AUTOS = YES_AGGRESSIVE;
				GCC_WARN_UNUSED_FUNCTION = YES;
				GCC_WARN_UNUSED_VARIABLE = YES;
				IPHONEOS_DEPLOYMENT_TARGET = 14.3;
				MTL_ENABLE_DEBUG_INFO = NO;
				MTL_FAST_MATH = YES;
				SDKROOT = iphoneos;
				SWIFT_COMPILATION_MODE = wholemodule;
				SWIFT_OPTIMIZATION_LEVEL = "-O";
				VALIDATE_PRODUCT = YES;
			};
			name = Release;
		};
		22195573262E52D70079F429 /* Debug */ = {
			isa = XCBuildConfiguration;
			buildSettings = {
				ASSETCATALOG_COMPILER_APPICON_NAME = AppIcon;
				ASSETCATALOG_COMPILER_GLOBAL_ACCENT_COLOR_NAME = AccentColor;
				CODE_SIGN_STYLE = Automatic;
				DEVELOPMENT_TEAM = 9RSZL3DL58;
				INFOPLIST_FILE = "lab13-photoviewer/Info.plist";
				LD_RUNPATH_SEARCH_PATHS = (
					"$(inherited)",
					"@executable_path/Frameworks",
				);
				PRODUCT_BUNDLE_IDENTIFIER = "edu.tric.it.lab13-photoviewer";
				PRODUCT_NAME = "$(TARGET_NAME)";
				SWIFT_VERSION = 5.0;
				TARGETED_DEVICE_FAMILY = "1,2";
			};
			name = Debug;
		};
		22195574262E52D70079F429 /* Release */ = {
			isa = XCBuildConfiguration;
			buildSettings = {
				ASSETCATALOG_COMPILER_APPICON_NAME = AppIcon;
				ASSETCATALOG_COMPILER_GLOBAL_ACCENT_COLOR_NAME = AccentColor;
				CODE_SIGN_STYLE = Automatic;
				DEVELOPMENT_TEAM = 9RSZL3DL58;
				INFOPLIST_FILE = "lab13-photoviewer/Info.plist";
				LD_RUNPATH_SEARCH_PATHS = (
					"$(inherited)",
					"@executable_path/Frameworks",
				);
				PRODUCT_BUNDLE_IDENTIFIER = "edu.tric.it.lab13-photoviewer";
				PRODUCT_NAME = "$(TARGET_NAME)";
				SWIFT_VERSION = 5.0;
				TARGETED_DEVICE_FAMILY = "1,2";
			};
			name = Release;
		};
		22195576262E52D70079F429 /* Debug */ = {
			isa = XCBuildConfiguration;
			buildSettings = {
				ALWAYS_EMBED_SWIFT_STANDARD_LIBRARIES = YES;
				BUNDLE_LOADER = "$(TEST_HOST)";
				CODE_SIGN_STYLE = Automatic;
				DEVELOPMENT_TEAM = 9RSZL3DL58;
				INFOPLIST_FILE = "lab13-photoviewerTests/Info.plist";
				IPHONEOS_DEPLOYMENT_TARGET = 14.3;
				LD_RUNPATH_SEARCH_PATHS = (
					"$(inherited)",
					"@executable_path/Frameworks",
					"@loader_path/Frameworks",
				);
				PRODUCT_BUNDLE_IDENTIFIER = "edu.tric.it.lab13-photoviewerTests";
				PRODUCT_NAME = "$(TARGET_NAME)";
				SWIFT_VERSION = 5.0;
				TARGETED_DEVICE_FAMILY = "1,2";
				TEST_HOST = "$(BUILT_PRODUCTS_DIR)/lab13-photoviewer.app/lab13-photoviewer";
			};
			name = Debug;
		};
		22195577262E52D70079F429 /* Release */ = {
			isa = XCBuildConfiguration;
			buildSettings = {
				ALWAYS_EMBED_SWIFT_STANDARD_LIBRARIES = YES;
				BUNDLE_LOADER = "$(TEST_HOST)";
				CODE_SIGN_STYLE = Automatic;
				DEVELOPMENT_TEAM = 9RSZL3DL58;
				INFOPLIST_FILE = "lab13-photoviewerTests/Info.plist";
				IPHONEOS_DEPLOYMENT_TARGET = 14.3;
				LD_RUNPATH_SEARCH_PATHS = (
					"$(inherited)",
					"@executable_path/Frameworks",
					"@loader_path/Frameworks",
				);
				PRODUCT_BUNDLE_IDENTIFIER = "edu.tric.it.lab13-photoviewerTests";
				PRODUCT_NAME = "$(TARGET_NAME)";
				SWIFT_VERSION = 5.0;
				TARGETED_DEVICE_FAMILY = "1,2";
				TEST_HOST = "$(BUILT_PRODUCTS_DIR)/lab13-photoviewer.app/lab13-photoviewer";
			};
			name = Release;
		};
		22195579262E52D70079F429 /* Debug */ = {
			isa = XCBuildConfiguration;
			buildSettings = {
				ALWAYS_EMBED_SWIFT_STANDARD_LIBRARIES = YES;
				CODE_SIGN_STYLE = Automatic;
				DEVELOPMENT_TEAM = 9RSZL3DL58;
				INFOPLIST_FILE = "lab13-photoviewerUITests/Info.plist";
				LD_RUNPATH_SEARCH_PATHS = (
					"$(inherited)",
					"@executable_path/Frameworks",
					"@loader_path/Frameworks",
				);
				PRODUCT_BUNDLE_IDENTIFIER = "edu.tric.it.lab13-photoviewerUITests";
				PRODUCT_NAME = "$(TARGET_NAME)";
				SWIFT_VERSION = 5.0;
				TARGETED_DEVICE_FAMILY = "1,2";
				TEST_TARGET_NAME = "lab13-photoviewer";
			};
			name = Debug;
		};
		2219557A262E52D70079F429 /* Release */ = {
			isa = XCBuildConfiguration;
			buildSettings = {
				ALWAYS_EMBED_SWIFT_STANDARD_LIBRARIES = YES;
				CODE_SIGN_STYLE = Automatic;
				DEVELOPMENT_TEAM = 9RSZL3DL58;
				INFOPLIST_FILE = "lab13-photoviewerUITests/Info.plist";
				LD_RUNPATH_SEARCH_PATHS = (
					"$(inherited)",
					"@executable_path/Frameworks",
					"@loader_path/Frameworks",
				);
				PRODUCT_BUNDLE_IDENTIFIER = "edu.tric.it.lab13-photoviewerUITests";
				PRODUCT_NAME = "$(TARGET_NAME)";
				SWIFT_VERSION = 5.0;
				TARGETED_DEVICE_FAMILY = "1,2";
				TEST_TARGET_NAME = "lab13-photoviewer";
			};
			name = Release;
		};
/* End XCBuildConfiguration section */

/* Begin XCConfigurationList section */
		22195543262E52D40079F429 /* Build configuration list for PBXProject "lab13-photoviewer" */ = {
			isa = XCConfigurationList;
			buildConfigurations = (
				22195570262E52D70079F429 /* Debug */,
				22195571262E52D70079F429 /* Release */,
			);
			defaultConfigurationIsVisible = 0;
			defaultConfigurationName = Release;
		};
		22195572262E52D70079F429 /* Build configuration list for PBXNativeTarget "lab13-photoviewer" */ = {
			isa = XCConfigurationList;
			buildConfigurations = (
				22195573262E52D70079F429 /* Debug */,
				22195574262E52D70079F429 /* Release */,
			);
			defaultConfigurationIsVisible = 0;
			defaultConfigurationName = Release;
		};
		22195575262E52D70079F429 /* Build configuration list for PBXNativeTarget "lab13-photoviewerTests" */ = {
			isa = XCConfigurationList;
			buildConfigurations = (
				22195576262E52D70079F429 /* Debug */,
				22195577262E52D70079F429 /* Release */,
			);
			defaultConfigurationIsVisible = 0;
			defaultConfigurationName = Release;
		};
		22195578262E52D70079F429 /* Build configuration list for PBXNativeTarget "lab13-photoviewerUITests" */ = {
			isa = XCConfigurationList;
			buildConfigurations = (
				22195579262E52D70079F429 /* Debug */,
				2219557A262E52D70079F429 /* Release */,
			);
			defaultConfigurationIsVisible = 0;
			defaultConfigurationName = Release;
		};
/* End XCConfigurationList section */
	};
	rootObject = 22195540262E52D40079F429 /* Project object */;
}
