// !$*UTF8*$!
{
	archiveVersion = 1;
	classes = {
	};
	objectVersion = 50;
	objects = {

/* Begin PBXBuildFile section */
		22A738D92612AF7C00551597 /* AppDelegate.swift in Sources */ = {isa = PBXBuildFile; fileRef = 22A738D82612AF7C00551597 /* AppDelegate.swift */; };
		22A738DB2612AF7C00551597 /* SceneDelegate.swift in Sources */ = {isa = PBXBuildFile; fileRef = 22A738DA2612AF7C00551597 /* SceneDelegate.swift */; };
		22A738DD2612AF7C00551597 /* ViewController.swift in Sources */ = {isa = PBXBuildFile; fileRef = 22A738DC2612AF7C00551597 /* ViewController.swift */; };
		22A738E02612AF7C00551597 /* Main.storyboard in Resources */ = {isa = PBXBuildFile; fileRef = 22A738DE2612AF7C00551597 /* Main.storyboard */; };
		22A738E22612AF7D00551597 /* Assets.xcassets in Resources */ = {isa = PBXBuildFile; fileRef = 22A738E12612AF7D00551597 /* Assets.xcassets */; };
		22A738E52612AF7D00551597 /* LaunchScreen.storyboard in Resources */ = {isa = PBXBuildFile; fileRef = 22A738E32612AF7D00551597 /* LaunchScreen.storyboard */; };
		22A738F02612AF7D00551597 /* Lab10_NavigationControllerTests.swift in Sources */ = {isa = PBXBuildFile; fileRef = 22A738EF2612AF7D00551597 /* Lab10_NavigationControllerTests.swift */; };
		22A738FB2612AF7D00551597 /* Lab10_NavigationControllerUITests.swift in Sources */ = {isa = PBXBuildFile; fileRef = 22A738FA2612AF7D00551597 /* Lab10_NavigationControllerUITests.swift */; };
		22A7390C2612CAEF00551597 /* DisplayResultsViewController.swift in Sources */ = {isa = PBXBuildFile; fileRef = 22A7390B2612CAEF00551597 /* DisplayResultsViewController.swift */; };
/* End PBXBuildFile section */

/* Begin PBXContainerItemProxy section */
		22A738EC2612AF7D00551597 /* PBXContainerItemProxy */ = {
			isa = PBXContainerItemProxy;
			containerPortal = 22A738CD2612AF7C00551597 /* Project object */;
			proxyType = 1;
			remoteGlobalIDString = 22A738D42612AF7C00551597;
			remoteInfo = "Lab10-NavigationController";
		};
		22A738F72612AF7D00551597 /* PBXContainerItemProxy */ = {
			isa = PBXContainerItemProxy;
			containerPortal = 22A738CD2612AF7C00551597 /* Project object */;
			proxyType = 1;
			remoteGlobalIDString = 22A738D42612AF7C00551597;
			remoteInfo = "Lab10-NavigationController";
		};
/* End PBXContainerItemProxy section */

/* Begin PBXFileReference section */
		22A738D52612AF7C00551597 /* Lab10-NavigationController.app */ = {isa = PBXFileReference; explicitFileType = wrapper.application; includeInIndex = 0; path = "Lab10-NavigationController.app"; sourceTree = BUILT_PRODUCTS_DIR; };
		22A738D82612AF7C00551597 /* AppDelegate.swift */ = {isa = PBXFileReference; lastKnownFileType = sourcecode.swift; path = AppDelegate.swift; sourceTree = "<group>"; };
		22A738DA2612AF7C00551597 /* SceneDelegate.swift */ = {isa = PBXFileReference; lastKnownFileType = sourcecode.swift; path = SceneDelegate.swift; sourceTree = "<group>"; };
		22A738DC2612AF7C00551597 /* ViewController.swift */ = {isa = PBXFileReference; lastKnownFileType = sourcecode.swift; path = ViewController.swift; sourceTree = "<group>"; };
		22A738DF2612AF7C00551597 /* Base */ = {isa = PBXFileReference; lastKnownFileType = file.storyboard; name = Base; path = Base.lproj/Main.storyboard; sourceTree = "<group>"; };
		22A738E12612AF7D00551597 /* Assets.xcassets */ = {isa = PBXFileReference; lastKnownFileType = folder.assetcatalog; path = Assets.xcassets; sourceTree = "<group>"; };
		22A738E42612AF7D00551597 /* Base */ = {isa = PBXFileReference; lastKnownFileType = file.storyboard; name = Base; path = Base.lproj/LaunchScreen.storyboard; sourceTree = "<group>"; };
		22A738E62612AF7D00551597 /* Info.plist */ = {isa = PBXFileReference; lastKnownFileType = text.plist.xml; path = Info.plist; sourceTree = "<group>"; };
		22A738EB2612AF7D00551597 /* Lab10-NavigationControllerTests.xctest */ = {isa = PBXFileReference; explicitFileType = wrapper.cfbundle; includeInIndex = 0; path = "Lab10-NavigationControllerTests.xctest"; sourceTree = BUILT_PRODUCTS_DIR; };
		22A738EF2612AF7D00551597 /* Lab10_NavigationControllerTests.swift */ = {isa = PBXFileReference; lastKnownFileType = sourcecode.swift; path = Lab10_NavigationControllerTests.swift; sourceTree = "<group>"; };
		22A738F12612AF7D00551597 /* Info.plist */ = {isa = PBXFileReference; lastKnownFileType = text.plist.xml; path = Info.plist; sourceTree = "<group>"; };
		22A738F62612AF7D00551597 /* Lab10-NavigationControllerUITests.xctest */ = {isa = PBXFileReference; explicitFileType = wrapper.cfbundle; includeInIndex = 0; path = "Lab10-NavigationControllerUITests.xctest"; sourceTree = BUILT_PRODUCTS_DIR; };
		22A738FA2612AF7D00551597 /* Lab10_NavigationControllerUITests.swift */ = {isa = PBXFileReference; lastKnownFileType = sourcecode.swift; path = Lab10_NavigationControllerUITests.swift; sourceTree = "<group>"; };
		22A738FC2612AF7D00551597 /* Info.plist */ = {isa = PBXFileReference; lastKnownFileType = text.plist.xml; path = Info.plist; sourceTree = "<group>"; };
		22A7390B2612CAEF00551597 /* DisplayResultsViewController.swift */ = {isa = PBXFileReference; lastKnownFileType = sourcecode.swift; path = DisplayResultsViewController.swift; sourceTree = "<group>"; };
/* End PBXFileReference section */

/* Begin PBXFrameworksBuildPhase section */
		22A738D22612AF7C00551597 /* Frameworks */ = {
			isa = PBXFrameworksBuildPhase;
			buildActionMask = 2147483647;
			files = (
			);
			runOnlyForDeploymentPostprocessing = 0;
		};
		22A738E82612AF7D00551597 /* Frameworks */ = {
			isa = PBXFrameworksBuildPhase;
			buildActionMask = 2147483647;
			files = (
			);
			runOnlyForDeploymentPostprocessing = 0;
		};
		22A738F32612AF7D00551597 /* Frameworks */ = {
			isa = PBXFrameworksBuildPhase;
			buildActionMask = 2147483647;
			files = (
			);
			runOnlyForDeploymentPostprocessing = 0;
		};
/* End PBXFrameworksBuildPhase section */

/* Begin PBXGroup section */
		22A738CC2612AF7C00551597 = {
			isa = PBXGroup;
			children = (
				22A738D72612AF7C00551597 /* Lab10-NavigationController */,
				22A738EE2612AF7D00551597 /* Lab10-NavigationControllerTests */,
				22A738F92612AF7D00551597 /* Lab10-NavigationControllerUITests */,
				22A738D62612AF7C00551597 /* Products */,
			);
			sourceTree = "<group>";
		};
		22A738D62612AF7C00551597 /* Products */ = {
			isa = PBXGroup;
			children = (
				22A738D52612AF7C00551597 /* Lab10-NavigationController.app */,
				22A738EB2612AF7D00551597 /* Lab10-NavigationControllerTests.xctest */,
				22A738F62612AF7D00551597 /* Lab10-NavigationControllerUITests.xctest */,
			);
			name = Products;
			sourceTree = "<group>";
		};
		22A738D72612AF7C00551597 /* Lab10-NavigationController */ = {
			isa = PBXGroup;
			children = (
				22A738D82612AF7C00551597 /* AppDelegate.swift */,
				22A738DA2612AF7C00551597 /* SceneDelegate.swift */,
				22A738DC2612AF7C00551597 /* ViewController.swift */,
				22A7390B2612CAEF00551597 /* DisplayResultsViewController.swift */,
				22A738DE2612AF7C00551597 /* Main.storyboard */,
				22A738E12612AF7D00551597 /* Assets.xcassets */,
				22A738E32612AF7D00551597 /* LaunchScreen.storyboard */,
				22A738E62612AF7D00551597 /* Info.plist */,
			);
			path = "Lab10-NavigationController";
			sourceTree = "<group>";
		};
		22A738EE2612AF7D00551597 /* Lab10-NavigationControllerTests */ = {
			isa = PBXGroup;
			children = (
				22A738EF2612AF7D00551597 /* Lab10_NavigationControllerTests.swift */,
				22A738F12612AF7D00551597 /* Info.plist */,
			);
			path = "Lab10-NavigationControllerTests";
			sourceTree = "<group>";
		};
		22A738F92612AF7D00551597 /* Lab10-NavigationControllerUITests */ = {
			isa = PBXGroup;
			children = (
				22A738FA2612AF7D00551597 /* Lab10_NavigationControllerUITests.swift */,
				22A738FC2612AF7D00551597 /* Info.plist */,
			);
			path = "Lab10-NavigationControllerUITests";
			sourceTree = "<group>";
		};
/* End PBXGroup section */

/* Begin PBXNativeTarget section */
		22A738D42612AF7C00551597 /* Lab10-NavigationController */ = {
			isa = PBXNativeTarget;
			buildConfigurationList = 22A738FF2612AF7D00551597 /* Build configuration list for PBXNativeTarget "Lab10-NavigationController" */;
			buildPhases = (
				22A738D12612AF7C00551597 /* Sources */,
				22A738D22612AF7C00551597 /* Frameworks */,
				22A738D32612AF7C00551597 /* Resources */,
			);
			buildRules = (
			);
			dependencies = (
			);
			name = "Lab10-NavigationController";
			productName = "Lab10-NavigationController";
			productReference = 22A738D52612AF7C00551597 /* Lab10-NavigationController.app */;
			productType = "com.apple.product-type.application";
		};
		22A738EA2612AF7D00551597 /* Lab10-NavigationControllerTests */ = {
			isa = PBXNativeTarget;
			buildConfigurationList = 22A739022612AF7D00551597 /* Build configuration list for PBXNativeTarget "Lab10-NavigationControllerTests" */;
			buildPhases = (
				22A738E72612AF7D00551597 /* Sources */,
				22A738E82612AF7D00551597 /* Frameworks */,
				22A738E92612AF7D00551597 /* Resources */,
			);
			buildRules = (
			);
			dependencies = (
				22A738ED2612AF7D00551597 /* PBXTargetDependency */,
			);
			name = "Lab10-NavigationControllerTests";
			productName = "Lab10-NavigationControllerTests";
			productReference = 22A738EB2612AF7D00551597 /* Lab10-NavigationControllerTests.xctest */;
			productType = "com.apple.product-type.bundle.unit-test";
		};
		22A738F52612AF7D00551597 /* Lab10-NavigationControllerUITests */ = {
			isa = PBXNativeTarget;
			buildConfigurationList = 22A739052612AF7D00551597 /* Build configuration list for PBXNativeTarget "Lab10-NavigationControllerUITests" */;
			buildPhases = (
				22A738F22612AF7D00551597 /* Sources */,
				22A738F32612AF7D00551597 /* Frameworks */,
				22A738F42612AF7D00551597 /* Resources */,
			);
			buildRules = (
			);
			dependencies = (
				22A738F82612AF7D00551597 /* PBXTargetDependency */,
			);
			name = "Lab10-NavigationControllerUITests";
			productName = "Lab10-NavigationControllerUITests";
			productReference = 22A738F62612AF7D00551597 /* Lab10-NavigationControllerUITests.xctest */;
			productType = "com.apple.product-type.bundle.ui-testing";
		};
/* End PBXNativeTarget section */

/* Begin PBXProject section */
		22A738CD2612AF7C00551597 /* Project object */ = {
			isa = PBXProject;
			attributes = {
				LastSwiftUpdateCheck = 1230;
				LastUpgradeCheck = 1230;
				TargetAttributes = {
					22A738D42612AF7C00551597 = {
						CreatedOnToolsVersion = 12.3;
					};
					22A738EA2612AF7D00551597 = {
						CreatedOnToolsVersion = 12.3;
						TestTargetID = 22A738D42612AF7C00551597;
					};
					22A738F52612AF7D00551597 = {
						CreatedOnToolsVersion = 12.3;
						TestTargetID = 22A738D42612AF7C00551597;
					};
				};
			};
			buildConfigurationList = 22A738D02612AF7C00551597 /* Build configuration list for PBXProject "Lab10-NavigationController" */;
			compatibilityVersion = "Xcode 9.3";
			developmentRegion = en;
			hasScannedForEncodings = 0;
			knownRegions = (
				en,
				Base,
			);
			mainGroup = 22A738CC2612AF7C00551597;
			productRefGroup = 22A738D62612AF7C00551597 /* Products */;
			projectDirPath = "";
			projectRoot = "";
			targets = (
				22A738D42612AF7C00551597 /* Lab10-NavigationController */,
				22A738EA2612AF7D00551597 /* Lab10-NavigationControllerTests */,
				22A738F52612AF7D00551597 /* Lab10-NavigationControllerUITests */,
			);
		};
/* End PBXProject section */

/* Begin PBXResourcesBuildPhase section */
		22A738D32612AF7C00551597 /* Resources */ = {
			isa = PBXResourcesBuildPhase;
			buildActionMask = 2147483647;
			files = (
				22A738E52612AF7D00551597 /* LaunchScreen.storyboard in Resources */,
				22A738E22612AF7D00551597 /* Assets.xcassets in Resources */,
				22A738E02612AF7C00551597 /* Main.storyboard in Resources */,
			);
			runOnlyForDeploymentPostprocessing = 0;
		};
		22A738E92612AF7D00551597 /* Resources */ = {
			isa = PBXResourcesBuildPhase;
			buildActionMask = 2147483647;
			files = (
			);
			runOnlyForDeploymentPostprocessing = 0;
		};
		22A738F42612AF7D00551597 /* Resources */ = {
			isa = PBXResourcesBuildPhase;
			buildActionMask = 2147483647;
			files = (
			);
			runOnlyForDeploymentPostprocessing = 0;
		};
/* End PBXResourcesBuildPhase section */

/* Begin PBXSourcesBuildPhase section */
		22A738D12612AF7C00551597 /* Sources */ = {
			isa = PBXSourcesBuildPhase;
			buildActionMask = 2147483647;
			files = (
				22A7390C2612CAEF00551597 /* DisplayResultsViewController.swift in Sources */,
				22A738DD2612AF7C00551597 /* ViewController.swift in Sources */,
				22A738D92612AF7C00551597 /* AppDelegate.swift in Sources */,
				22A738DB2612AF7C00551597 /* SceneDelegate.swift in Sources */,
			);
			runOnlyForDeploymentPostprocessing = 0;
		};
		22A738E72612AF7D00551597 /* Sources */ = {
			isa = PBXSourcesBuildPhase;
			buildActionMask = 2147483647;
			files = (
				22A738F02612AF7D00551597 /* Lab10_NavigationControllerTests.swift in Sources */,
			);
			runOnlyForDeploymentPostprocessing = 0;
		};
		22A738F22612AF7D00551597 /* Sources */ = {
			isa = PBXSourcesBuildPhase;
			buildActionMask = 2147483647;
			files = (
				22A738FB2612AF7D00551597 /* Lab10_NavigationControllerUITests.swift in Sources */,
			);
			runOnlyForDeploymentPostprocessing = 0;
		};
/* End PBXSourcesBuildPhase section */

/* Begin PBXTargetDependency section */
		22A738ED2612AF7D00551597 /* PBXTargetDependency */ = {
			isa = PBXTargetDependency;
			target = 22A738D42612AF7C00551597 /* Lab10-NavigationController */;
			targetProxy = 22A738EC2612AF7D00551597 /* PBXContainerItemProxy */;
		};
		22A738F82612AF7D00551597 /* PBXTargetDependency */ = {
			isa = PBXTargetDependency;
			target = 22A738D42612AF7C00551597 /* Lab10-NavigationController */;
			targetProxy = 22A738F72612AF7D00551597 /* PBXContainerItemProxy */;
		};
/* End PBXTargetDependency section */

/* Begin PBXVariantGroup section */
		22A738DE2612AF7C00551597 /* Main.storyboard */ = {
			isa = PBXVariantGroup;
			children = (
				22A738DF2612AF7C00551597 /* Base */,
			);
			name = Main.storyboard;
			sourceTree = "<group>";
		};
		22A738E32612AF7D00551597 /* LaunchScreen.storyboard */ = {
			isa = PBXVariantGroup;
			children = (
				22A738E42612AF7D00551597 /* Base */,
			);
			name = LaunchScreen.storyboard;
			sourceTree = "<group>";
		};
/* End PBXVariantGroup section */

/* Begin XCBuildConfiguration section */
		22A738FD2612AF7D00551597 /* Debug */ = {
			isa = XCBuildConfiguration;
			buildSettings = {
				ALWAYS_SEARCH_USER_PATHS = NO;
				CLANG_ANALYZER_NONNULL = YES;
				CLANG_ANALYZER_NUMBER_OBJECT_CONVERSION = YES_AGGRESSIVE;
				CLANG_CXX_LANGUAGE_STANDARD = "gnu++14";
				CLANG_CXX_LIBRARY = "libc++";
				CLANG_ENABLE_MODULES = YES;
				CLANG_ENABLE_OBJC_ARC = YES;
				CLANG_ENABLE_OBJC_WEAK = YES;
				CLANG_WARN_BLOCK_CAPTURE_AUTORELEASING = YES;
				CLANG_WARN_BOOL_CONVERSION = YES;
				CLANG_WARN_COMMA = YES;
				CLANG_WARN_CONSTANT_CONVERSION = YES;
				CLANG_WARN_DEPRECATED_OBJC_IMPLEMENTATIONS = YES;
				CLANG_WARN_DIRECT_OBJC_ISA_USAGE = YES_ERROR;
				CLANG_WARN_DOCUMENTATION_COMMENTS = YES;
				CLANG_WARN_EMPTY_BODY = YES;
				CLANG_WARN_ENUM_CONVERSION = YES;
				CLANG_WARN_INFINITE_RECURSION = YES;
				CLANG_WARN_INT_CONVERSION = YES;
				CLANG_WARN_NON_LITERAL_NULL_CONVERSION = YES;
				CLANG_WARN_OBJC_IMPLICIT_RETAIN_SELF = YES;
				CLANG_WARN_OBJC_LITERAL_CONVERSION = YES;
				CLANG_WARN_OBJC_ROOT_CLASS = YES_ERROR;
				CLANG_WARN_QUOTED_INCLUDE_IN_FRAMEWORK_HEADER = YES;
				CLANG_WARN_RANGE_LOOP_ANALYSIS = YES;
				CLANG_WARN_STRICT_PROTOTYPES = YES;
				CLANG_WARN_SUSPICIOUS_MOVE = YES;
				CLANG_WARN_UNGUARDED_AVAILABILITY = YES_AGGRESSIVE;
				CLANG_WARN_UNREACHABLE_CODE = YES;
				CLANG_WARN__DUPLICATE_METHOD_MATCH = YES;
				COPY_PHASE_STRIP = NO;
				DEBUG_INFORMATION_FORMAT = dwarf;
				ENABLE_STRICT_OBJC_MSGSEND = YES;
				ENABLE_TESTABILITY = YES;
				GCC_C_LANGUAGE_STANDARD = gnu11;
				GCC_DYNAMIC_NO_PIC = NO;
				GCC_NO_COMMON_BLOCKS = YES;
				GCC_OPTIMIZATION_LEVEL = 0;
				GCC_PREPROCESSOR_DEFINITIONS = (
					"DEBUG=1",
					"$(inherited)",
				);
				GCC_WARN_64_TO_32_BIT_CONVERSION = YES;
				GCC_WARN_ABOUT_RETURN_TYPE = YES_ERROR;
				GCC_WARN_UNDECLARED_SELECTOR = YES;
				GCC_WARN_UNINITIALIZED_AUTOS = YES_AGGRESSIVE;
				GCC_WARN_UNUSED_FUNCTION = YES;
				GCC_WARN_UNUSED_VARIABLE = YES;
				IPHONEOS_DEPLOYMENT_TARGET = 14.3;
				MTL_ENABLE_DEBUG_INFO = INCLUDE_SOURCE;
				MTL_FAST_MATH = YES;
				ONLY_ACTIVE_ARCH = YES;
				SDKROOT = iphoneos;
				SWIFT_ACTIVE_COMPILATION_CONDITIONS = DEBUG;
				SWIFT_OPTIMIZATION_LEVEL = "-Onone";
			};
			name = Debug;
		};
		22A738FE2612AF7D00551597 /* Release */ = {
			isa = XCBuildConfiguration;
			buildSettings = {
				ALWAYS_SEARCH_USER_PATHS = NO;
				CLANG_ANALYZER_NONNULL = YES;
				CLANG_ANALYZER_NUMBER_OBJECT_CONVERSION = YES_AGGRESSIVE;
				CLANG_CXX_LANGUAGE_STANDARD = "gnu++14";
				CLANG_CXX_LIBRARY = "libc++";
				CLANG_ENABLE_MODULES = YES;
				CLANG_ENABLE_OBJC_ARC = YES;
				CLANG_ENABLE_OBJC_WEAK = YES;
				CLANG_WARN_BLOCK_CAPTURE_AUTORELEASING = YES;
				CLANG_WARN_BOOL_CONVERSION = YES;
				CLANG_WARN_COMMA = YES;
				CLANG_WARN_CONSTANT_CONVERSION = YES;
				CLANG_WARN_DEPRECATED_OBJC_IMPLEMENTATIONS = YES;
				CLANG_WARN_DIRECT_OBJC_ISA_USAGE = YES_ERROR;
				CLANG_WARN_DOCUMENTATION_COMMENTS = YES;
				CLANG_WARN_EMPTY_BODY = YES;
				CLANG_WARN_ENUM_CONVERSION = YES;
				CLANG_WARN_INFINITE_RECURSION = YES;
				CLANG_WARN_INT_CONVERSION = YES;
				CLANG_WARN_NON_LITERAL_NULL_CONVERSION = YES;
				CLANG_WARN_OBJC_IMPLICIT_RETAIN_SELF = YES;
				CLANG_WARN_OBJC_LITERAL_CONVERSION = YES;
				CLANG_WARN_OBJC_ROOT_CLASS = YES_ERROR;
				CLANG_WARN_QUOTED_INCLUDE_IN_FRAMEWORK_HEADER = YES;
				CLANG_WARN_RANGE_LOOP_ANALYSIS = YES;
				CLANG_WARN_STRICT_PROTOTYPES = YES;
				CLANG_WARN_SUSPICIOUS_MOVE = YES;
				CLANG_WARN_UNGUARDED_AVAILABILITY = YES_AGGRESSIVE;
				CLANG_WARN_UNREACHABLE_CODE = YES;
				CLANG_WARN__DUPLICATE_METHOD_MATCH = YES;
				COPY_PHASE_STRIP = NO;
				DEBUG_INFORMATION_FORMAT = "dwarf-with-dsym";
				ENABLE_NS_ASSERTIONS = NO;
				ENABLE_STRICT_OBJC_MSGSEND = YES;
				GCC_C_LANGUAGE_STANDARD = gnu11;
				GCC_NO_COMMON_BLOCKS = YES;
				GCC_WARN_64_TO_32_BIT_CONVERSION = YES;
				GCC_WARN_ABOUT_RETURN_TYPE = YES_ERROR;
				GCC_WARN_UNDECLARED_SELECTOR = YES;
				GCC_WARN_UNINITIALIZED_AUTOS = YES_AGGRESSIVE;
				GCC_WARN_UNUSED_FUNCTION = YES;
				GCC_WARN_UNUSED_VARIABLE = YES;
				IPHONEOS_DEPLOYMENT_TARGET = 14.3;
				MTL_ENABLE_DEBUG_INFO = NO;
				MTL_FAST_MATH = YES;
				SDKROOT = iphoneos;
				SWIFT_COMPILATION_MODE = wholemodule;
				SWIFT_OPTIMIZATION_LEVEL = "-O";
				VALIDATE_PRODUCT = YES;
			};
			name = Release;
		};
		22A739002612AF7D00551597 /* Debug */ = {
			isa = XCBuildConfiguration;
			buildSettings = {
				ASSETCATALOG_COMPILER_APPICON_NAME = AppIcon;
				ASSETCATALOG_COMPILER_GLOBAL_ACCENT_COLOR_NAME = AccentColor;
				CODE_SIGN_STYLE = Automatic;
				DEVELOPMENT_TEAM = 9RSZL3DL58;
				INFOPLIST_FILE = "Lab10-NavigationController/Info.plist";
				LD_RUNPATH_SEARCH_PATHS = (
					"$(inherited)",
					"@executable_path/Frameworks",
				);
				PRODUCT_BUNDLE_IDENTIFIER = "edu.tric.it.Lab10-NavigationController";
				PRODUCT_NAME = "$(TARGET_NAME)";
				SWIFT_VERSION = 5.0;
				TARGETED_DEVICE_FAMILY = "1,2";
			};
			name = Debug;
		};
		22A739012612AF7D00551597 /* Release */ = {
			isa = XCBuildConfiguration;
			buildSettings = {
				ASSETCATALOG_COMPILER_APPICON_NAME = AppIcon;
				ASSETCATALOG_COMPILER_GLOBAL_ACCENT_COLOR_NAME = AccentColor;
				CODE_SIGN_STYLE = Automatic;
				DEVELOPMENT_TEAM = 9RSZL3DL58;
				INFOPLIST_FILE = "Lab10-NavigationController/Info.plist";
				LD_RUNPATH_SEARCH_PATHS = (
					"$(inherited)",
					"@executable_path/Frameworks",
				);
				PRODUCT_BUNDLE_IDENTIFIER = "edu.tric.it.Lab10-NavigationController";
				PRODUCT_NAME = "$(TARGET_NAME)";
				SWIFT_VERSION = 5.0;
				TARGETED_DEVICE_FAMILY = "1,2";
			};
			name = Release;
		};
		22A739032612AF7D00551597 /* Debug */ = {
			isa = XCBuildConfiguration;
			buildSettings = {
				ALWAYS_EMBED_SWIFT_STANDARD_LIBRARIES = YES;
				BUNDLE_LOADER = "$(TEST_HOST)";
				CODE_SIGN_STYLE = Automatic;
				DEVELOPMENT_TEAM = 9RSZL3DL58;
				INFOPLIST_FILE = "Lab10-NavigationControllerTests/Info.plist";
				IPHONEOS_DEPLOYMENT_TARGET = 14.3;
				LD_RUNPATH_SEARCH_PATHS = (
					"$(inherited)",
					"@executable_path/Frameworks",
					"@loader_path/Frameworks",
				);
				PRODUCT_BUNDLE_IDENTIFIER = "edu.tric.it.Lab10-NavigationControllerTests";
				PRODUCT_NAME = "$(TARGET_NAME)";
				SWIFT_VERSION = 5.0;
				TARGETED_DEVICE_FAMILY = "1,2";
				TEST_HOST = "$(BUILT_PRODUCTS_DIR)/Lab10-NavigationController.app/Lab10-NavigationController";
			};
			name = Debug;
		};
		22A739042612AF7D00551597 /* Release */ = {
			isa = XCBuildConfiguration;
			buildSettings = {
				ALWAYS_EMBED_SWIFT_STANDARD_LIBRARIES = YES;
				BUNDLE_LOADER = "$(TEST_HOST)";
				CODE_SIGN_STYLE = Automatic;
				DEVELOPMENT_TEAM = 9RSZL3DL58;
				INFOPLIST_FILE = "Lab10-NavigationControllerTests/Info.plist";
				IPHONEOS_DEPLOYMENT_TARGET = 14.3;
				LD_RUNPATH_SEARCH_PATHS = (
					"$(inherited)",
					"@executable_path/Frameworks",
					"@loader_path/Frameworks",
				);
				PRODUCT_BUNDLE_IDENTIFIER = "edu.tric.it.Lab10-NavigationControllerTests";
				PRODUCT_NAME = "$(TARGET_NAME)";
				SWIFT_VERSION = 5.0;
				TARGETED_DEVICE_FAMILY = "1,2";
				TEST_HOST = "$(BUILT_PRODUCTS_DIR)/Lab10-NavigationController.app/Lab10-NavigationController";
			};
			name = Release;
		};
		22A739062612AF7D00551597 /* Debug */ = {
			isa = XCBuildConfiguration;
			buildSettings = {
				ALWAYS_EMBED_SWIFT_STANDARD_LIBRARIES = YES;
				CODE_SIGN_STYLE = Automatic;
				DEVELOPMENT_TEAM = 9RSZL3DL58;
				INFOPLIST_FILE = "Lab10-NavigationControllerUITests/Info.plist";
				LD_RUNPATH_SEARCH_PATHS = (
					"$(inherited)",
					"@executable_path/Frameworks",
					"@loader_path/Frameworks",
				);
				PRODUCT_BUNDLE_IDENTIFIER = "edu.tric.it.Lab10-NavigationControllerUITests";
				PRODUCT_NAME = "$(TARGET_NAME)";
				SWIFT_VERSION = 5.0;
				TARGETED_DEVICE_FAMILY = "1,2";
				TEST_TARGET_NAME = "Lab10-NavigationController";
			};
			name = Debug;
		};
		22A739072612AF7D00551597 /* Release */ = {
			isa = XCBuildConfiguration;
			buildSettings = {
				ALWAYS_EMBED_SWIFT_STANDARD_LIBRARIES = YES;
				CODE_SIGN_STYLE = Automatic;
				DEVELOPMENT_TEAM = 9RSZL3DL58;
				INFOPLIST_FILE = "Lab10-NavigationControllerUITests/Info.plist";
				LD_RUNPATH_SEARCH_PATHS = (
					"$(inherited)",
					"@executable_path/Frameworks",
					"@loader_path/Frameworks",
				);
				PRODUCT_BUNDLE_IDENTIFIER = "edu.tric.it.Lab10-NavigationControllerUITests";
				PRODUCT_NAME = "$(TARGET_NAME)";
				SWIFT_VERSION = 5.0;
				TARGETED_DEVICE_FAMILY = "1,2";
				TEST_TARGET_NAME = "Lab10-NavigationController";
			};
			name = Release;
		};
/* End XCBuildConfiguration section */

/* Begin XCConfigurationList section */
		22A738D02612AF7C00551597 /* Build configuration list for PBXProject "Lab10-NavigationController" */ = {
			isa = XCConfigurationList;
			buildConfigurations = (
				22A738FD2612AF7D00551597 /* Debug */,
				22A738FE2612AF7D00551597 /* Release */,
			);
			defaultConfigurationIsVisible = 0;
			defaultConfigurationName = Release;
		};
		22A738FF2612AF7D00551597 /* Build configuration list for PBXNativeTarget "Lab10-NavigationController" */ = {
			isa = XCConfigurationList;
			buildConfigurations = (
				22A739002612AF7D00551597 /* Debug */,
				22A739012612AF7D00551597 /* Release */,
			);
			defaultConfigurationIsVisible = 0;
			defaultConfigurationName = Release;
		};
		22A739022612AF7D00551597 /* Build configuration list for PBXNativeTarget "Lab10-NavigationControllerTests" */ = {
			isa = XCConfigurationList;
			buildConfigurations = (
				22A739032612AF7D00551597 /* Debug */,
				22A739042612AF7D00551597 /* Release */,
			);
			defaultConfigurationIsVisible = 0;
			defaultConfigurationName = Release;
		};
		22A739052612AF7D00551597 /* Build configuration list for PBXNativeTarget "Lab10-NavigationControllerUITests" */ = {
			isa = XCConfigurationList;
			buildConfigurations = (
				22A739062612AF7D00551597 /* Debug */,
				22A739072612AF7D00551597 /* Release */,
			);
			defaultConfigurationIsVisible = 0;
			defaultConfigurationName = Release;
		};
/* End XCConfigurationList section */
	};
	rootObject = 22A738CD2612AF7C00551597 /* Project object */;
}
